
Microsoft Visual Studio Solution File, Format Version 12.00
# Visual Studio Version 17
VisualStudioVersion = 17.13.35931.197
MinimumVisualStudioVersion = 10.0.40219.1
Project("{FAE04EC0-301F-11D3-BF4B-00C04F79EFBC}") = "TorneoUTN.Web", "TorneoUTN.Web\TorneoUTN.Web.csproj", "{921B4408-5AE9-4250-9F62-07154D230928}"
EndProject
Global
	GlobalSection(SolutionConfigurationPlatforms) = preSolution
		Debug|Any CPU = Debug|Any CPU
		Release|Any CPU = Release|Any CPU
	EndGlobalSection
	GlobalSection(ProjectConfigurationPlatforms) = postSolution
		{921B4408-5AE9-4250-9F62-07154D230928}.Debug|Any CPU.ActiveCfg = Debug|Any CPU
		{921B4408-5AE9-4250-9F62-07154D230928}.Debug|Any CPU.Build.0 = Debug|Any CPU
		{921B4408-5AE9-4250-9F62-07154D230928}.Release|Any CPU.ActiveCfg = Release|Any CPU
		{921B4408-5AE9-4250-9F62-07154D230928}.Release|Any CPU.Build.0 = Release|Any CPU
	EndGlobalSection
	GlobalSection(SolutionProperties) = preSolution
		HideSolutionNode = FALSE
	EndGlobalSection
	GlobalSection(ExtensibilityGlobals) = postSolution
		SolutionGuid = {A8C3E010-881A-44DA-B192-9C701215BE22}
	EndGlobalSection
EndGlobal
